
Microsoft Visual Studio Solution File, Format Version 12.00
# Visual Studio Version 16
VisualStudioVersion = 16.0.31313.79
MinimumVisualStudioVersion = 10.0.40219.1
Project("{FAE04EC0-301F-11D3-BF4B-00C04F79EFBC}") = "4a830212", "4a830212\4a830212.csproj", "{7F04F0FE-2F1B-4556-9C2F-0E160DF3F9AD}"
EndProject
Global
	GlobalSection(SolutionConfigurationPlatforms) = preSolution
		Debug|Any CPU = Debug|Any CPU
		Release|Any CPU = Release|Any CPU
	EndGlobalSection
	GlobalSection(ProjectConfigurationPlatforms) = postSolution
		{7F04F0FE-2F1B-4556-9C2F-0E160DF3F9AD}.Debug|Any CPU.ActiveCfg = Debug|Any CPU
		{7F04F0FE-2F1B-4556-9C2F-0E160DF3F9AD}.Debug|Any CPU.Build.0 = Debug|Any CPU
		{7F04F0FE-2F1B-4556-9C2F-0E160DF3F9AD}.Release|Any CPU.ActiveCfg = Release|Any CPU
		{7F04F0FE-2F1B-4556-9C2F-0E160DF3F9AD}.Release|Any CPU.Build.0 = Release|Any CPU
	EndGlobalSection
	GlobalSection(SolutionProperties) = preSolution
		HideSolutionNode = FALSE
	EndGlobalSection
	GlobalSection(ExtensibilityGlobals) = postSolution
		SolutionGuid = {7DAD8C16-4FA9-4512-9E5C-096C7768A04F}
	EndGlobalSection
EndGlobal
