
Microsoft Visual Studio Solution File, Format Version 12.00
# Visual Studio Version 16
VisualStudioVersion = 16.0.31313.79
MinimumVisualStudioVersion = 10.0.40219.1
Project("{FAE04EC0-301F-11D3-BF4B-00C04F79EFBC}") = "4a830212", "4a830212\4a830212.csproj", "{A42574E7-1AB3-4B5C-8BF5-B5CC0EEE00BA}"
EndProject
Global
	GlobalSection(SolutionConfigurationPlatforms) = preSolution
		Debug|Any CPU = Debug|Any CPU
		Release|Any CPU = Release|Any CPU
	EndGlobalSection
	GlobalSection(ProjectConfigurationPlatforms) = postSolution
		{A42574E7-1AB3-4B5C-8BF5-B5CC0EEE00BA}.Debug|Any CPU.ActiveCfg = Debug|Any CPU
		{A42574E7-1AB3-4B5C-8BF5-B5CC0EEE00BA}.Debug|Any CPU.Build.0 = Debug|Any CPU
		{A42574E7-1AB3-4B5C-8BF5-B5CC0EEE00BA}.Release|Any CPU.ActiveCfg = Release|Any CPU
		{A42574E7-1AB3-4B5C-8BF5-B5CC0EEE00BA}.Release|Any CPU.Build.0 = Release|Any CPU
	EndGlobalSection
	GlobalSection(SolutionProperties) = preSolution
		HideSolutionNode = FALSE
	EndGlobalSection
	GlobalSection(ExtensibilityGlobals) = postSolution
		SolutionGuid = {2661D9F7-5811-4FD7-AC92-057993A64F9D}
	EndGlobalSection
EndGlobal
